
Microsoft Visual Studio Solution File, Format Version 12.00
# Visual Studio Version 17
VisualStudioVersion = 17.7.34031.279
MinimumVisualStudioVersion = 10.0.40219.1
Project("{FAE04EC0-301F-11D3-BF4B-00C04F79EFBC}") = "Calculadora", "Calculadora.csproj", "{659EC973-8D46-4B63-86B4-A12E45DCD064}"
EndProject
Global
	GlobalSection(SolutionConfigurationPlatforms) = preSolution
		Debug|Any CPU = Debug|Any CPU
		Release|Any CPU = Release|Any CPU
	EndGlobalSection
	GlobalSection(ProjectConfigurationPlatforms) = postSolution
		{659EC973-8D46-4B63-86B4-A12E45DCD064}.Debug|Any CPU.ActiveCfg = Debug|Any CPU
		{659EC973-8D46-4B63-86B4-A12E45DCD064}.Debug|Any CPU.Build.0 = Debug|Any CPU
		{659EC973-8D46-4B63-86B4-A12E45DCD064}.Release|Any CPU.ActiveCfg = Release|Any CPU
		{659EC973-8D46-4B63-86B4-A12E45DCD064}.Release|Any CPU.Build.0 = Release|Any CPU
	EndGlobalSection
	GlobalSection(SolutionProperties) = preSolution
		HideSolutionNode = FALSE
	EndGlobalSection
	GlobalSection(ExtensibilityGlobals) = postSolution
		SolutionGuid = {689C704C-DAE9-4D07-8E7E-C2D76CE94A71}
	EndGlobalSection
EndGlobal
