
Microsoft Visual Studio Solution File, Format Version 12.00
# Visual Studio Version 17
VisualStudioVersion = 17.7.34031.279
MinimumVisualStudioVersion = 10.0.40219.1
Project("{FAE04EC0-301F-11D3-BF4B-00C04F79EFBC}") = "To Do List - Forms", "To Do List - Forms.csproj", "{A666D8C0-0A3F-49EE-85B0-C45A12227BA0}"
EndProject
Global
	GlobalSection(SolutionConfigurationPlatforms) = preSolution
		Debug|Any CPU = Debug|Any CPU
		Release|Any CPU = Release|Any CPU
	EndGlobalSection
	GlobalSection(ProjectConfigurationPlatforms) = postSolution
		{A666D8C0-0A3F-49EE-85B0-C45A12227BA0}.Debug|Any CPU.ActiveCfg = Debug|Any CPU
		{A666D8C0-0A3F-49EE-85B0-C45A12227BA0}.Debug|Any CPU.Build.0 = Debug|Any CPU
		{A666D8C0-0A3F-49EE-85B0-C45A12227BA0}.Release|Any CPU.ActiveCfg = Release|Any CPU
		{A666D8C0-0A3F-49EE-85B0-C45A12227BA0}.Release|Any CPU.Build.0 = Release|Any CPU
	EndGlobalSection
	GlobalSection(SolutionProperties) = preSolution
		HideSolutionNode = FALSE
	EndGlobalSection
	GlobalSection(ExtensibilityGlobals) = postSolution
		SolutionGuid = {A6BC7629-CB91-4A58-A758-B336BD4CA93B}
	EndGlobalSection
EndGlobal
